
Microsoft Visual Studio Solution File, Format Version 12.00
# Visual Studio Version 16
VisualStudioVersion = 16.0.30320.27
MinimumVisualStudioVersion = 10.0.40219.1
Project("{FAE04EC0-301F-11D3-BF4B-00C04F79EFBC}") = "LAB_3C_Write_your_own_program_DarlingP08012020", "LAB_3C_Write_your_own_program_DarlingP08012020\LAB_3C_Write_your_own_program_DarlingP08012020.csproj", "{2B01FF68-E36A-4A53-A039-FBCBA04C1434}"
EndProject
Global
	GlobalSection(SolutionConfigurationPlatforms) = preSolution
		Debug|Any CPU = Debug|Any CPU
		Release|Any CPU = Release|Any CPU
	EndGlobalSection
	GlobalSection(ProjectConfigurationPlatforms) = postSolution
		{2B01FF68-E36A-4A53-A039-FBCBA04C1434}.Debug|Any CPU.ActiveCfg = Debug|Any CPU
		{2B01FF68-E36A-4A53-A039-FBCBA04C1434}.Debug|Any CPU.Build.0 = Debug|Any CPU
		{2B01FF68-E36A-4A53-A039-FBCBA04C1434}.Release|Any CPU.ActiveCfg = Release|Any CPU
		{2B01FF68-E36A-4A53-A039-FBCBA04C1434}.Release|Any CPU.Build.0 = Release|Any CPU
	EndGlobalSection
	GlobalSection(SolutionProperties) = preSolution
		HideSolutionNode = FALSE
	EndGlobalSection
	GlobalSection(ExtensibilityGlobals) = postSolution
		SolutionGuid = {33F973EA-0AA2-46A0-95A4-F9EBBBBE57A5}
	EndGlobalSection
EndGlobal
